
Microsoft Visual Studio Solution File, Format Version 12.00
# Visual Studio Version 17
VisualStudioVersion = 17.8.34309.116
MinimumVisualStudioVersion = 10.0.40219.1
Project("{FAE04EC0-301F-11D3-BF4B-00C04F79EFBC}") = "SizeModeSample", "SizeModeSample\SizeModeSample.csproj", "{8BC1FC2D-BE3E-403E-83E5-9D369E592EF6}"
EndProject
Project("{FAE04EC0-301F-11D3-BF4B-00C04F79EFBC}") = "SizeModeSample.Client", "SizeModeSample.Client\SizeModeSample.Client.csproj", "{FA3DBEB2-09C4-405F-835B-23F74CBF822F}"
EndProject
Global
	GlobalSection(SolutionConfigurationPlatforms) = preSolution
		Debug|Any CPU = Debug|Any CPU
		Release|Any CPU = Release|Any CPU
	EndGlobalSection
	GlobalSection(ProjectConfigurationPlatforms) = postSolution
		{8BC1FC2D-BE3E-403E-83E5-9D369E592EF6}.Debug|Any CPU.ActiveCfg = Debug|Any CPU
		{8BC1FC2D-BE3E-403E-83E5-9D369E592EF6}.Debug|Any CPU.Build.0 = Debug|Any CPU
		{8BC1FC2D-BE3E-403E-83E5-9D369E592EF6}.Release|Any CPU.ActiveCfg = Release|Any CPU
		{8BC1FC2D-BE3E-403E-83E5-9D369E592EF6}.Release|Any CPU.Build.0 = Release|Any CPU
		{FA3DBEB2-09C4-405F-835B-23F74CBF822F}.Debug|Any CPU.ActiveCfg = Debug|Any CPU
		{FA3DBEB2-09C4-405F-835B-23F74CBF822F}.Debug|Any CPU.Build.0 = Debug|Any CPU
		{FA3DBEB2-09C4-405F-835B-23F74CBF822F}.Release|Any CPU.ActiveCfg = Release|Any CPU
		{FA3DBEB2-09C4-405F-835B-23F74CBF822F}.Release|Any CPU.Build.0 = Release|Any CPU
	EndGlobalSection
	GlobalSection(SolutionProperties) = preSolution
		HideSolutionNode = FALSE
	EndGlobalSection
	GlobalSection(ExtensibilityGlobals) = postSolution
		SolutionGuid = {FF230294-7434-4FE2-B4E1-B382C675C127}
	EndGlobalSection
EndGlobal
